# This file is autogenerated, do not edit; changes may be undone by the next 'dep ensure'.


[[projects]]
  name = "github.com/SlyMarbo/rss"
  packages = ["."]
  revision = "68c09f6cb0320b178346a4437bf43021008cc9b6"
  version = "v1.0.1"

[[projects]]
  branch = "master"
  name = "github.com/ThomBogers/youtube2rss"
  packages = ["."]
  revision = "5829af519007e4965d481c1a97fc90b160eae736"

[[projects]]
  branch = "master"
  name = "github.com/axgle/mahonia"
  packages = ["."]
  revision = "3358181d7394e26beccfae0ffde05193ef3be33a"

[[projects]]
  name = "github.com/eduncan911/podcast"
  packages = ["."]
  revision = "b2888626672c83990148ef3c246fc9ece499d2b8"
  version = "v1.3.0"

[[projects]]
  name = "github.com/pkg/errors"
  packages = ["."]
  revision = "645ef00459ed84a119197bfb8d8205042c6df63d"
  version = "v0.8.0"

[solve-meta]
  analyzer-name = "dep"
  analyzer-version = 1
  inputs-digest = "fec8b713219ea7b613a08d9a53e105c815f5b932e41d46e191d34181ab0ba787"
  solver-name = "gps-cdcl"
  solver-version = 1
